
Microsoft Visual Studio Solution File, Format Version 12.00
# Visual Studio Version 17
VisualStudioVersion = 17.5.33530.505
MinimumVisualStudioVersion = 10.0.40219.1
Project("{8BC9CEB8-8B4A-11D0-8D11-00A0C91BC942}") = "01class01", "class01\class01.vcxproj", "{D648B39F-2671-41B6-ACE6-0063F03C15CD}"
EndProject
Project("{8BC9CEB8-8B4A-11D0-8D11-00A0C91BC942}") = "02封装", "封装\封装.vcxproj", "{963871AD-BBA2-412B-AFEC-1D7642491AC0}"
EndProject
Project("{8BC9CEB8-8B4A-11D0-8D11-00A0C91BC942}") = "03对象特性", "对象特性\对象特性.vcxproj", "{60E43DDE-3D13-483C-B65A-AAFBA3FC3571}"
EndProject
Project("{8BC9CEB8-8B4A-11D0-8D11-00A0C91BC942}") = "04友元", "04友元\04友元.vcxproj", "{07B26BF6-6233-48DC-B997-E0515341CA6F}"
EndProject
Project("{8BC9CEB8-8B4A-11D0-8D11-00A0C91BC942}") = "05运算符重载", "05运算符重载\05运算符重载.vcxproj", "{989138FB-6DE9-474F-829B-D2642B66F327}"
EndProject
Project("{8BC9CEB8-8B4A-11D0-8D11-00A0C91BC942}") = "06继承", "06继承\06继承.vcxproj", "{8FB28384-FB6D-4359-91A3-FBC947F37A56}"
EndProject
Project("{8BC9CEB8-8B4A-11D0-8D11-00A0C91BC942}") = "07多态", "07多态\07多态.vcxproj", "{31117A0C-6900-490C-AD5E-8D9CA6B1FEF1}"
EndProject
Project("{8BC9CEB8-8B4A-11D0-8D11-00A0C91BC942}") = "08文件操作", "08文件操作\08文件操作.vcxproj", "{CACB6305-5657-42C2-8156-72E9D64C96C4}"
EndProject
Global
	GlobalSection(SolutionConfigurationPlatforms) = preSolution
		Debug|x64 = Debug|x64
		Debug|x86 = Debug|x86
		Release|x64 = Release|x64
		Release|x86 = Release|x86
	EndGlobalSection
	GlobalSection(ProjectConfigurationPlatforms) = postSolution
		{D648B39F-2671-41B6-ACE6-0063F03C15CD}.Debug|x64.ActiveCfg = Debug|x64
		{D648B39F-2671-41B6-ACE6-0063F03C15CD}.Debug|x64.Build.0 = Debug|x64
		{D648B39F-2671-41B6-ACE6-0063F03C15CD}.Debug|x86.ActiveCfg = Debug|Win32
		{D648B39F-2671-41B6-ACE6-0063F03C15CD}.Debug|x86.Build.0 = Debug|Win32
		{D648B39F-2671-41B6-ACE6-0063F03C15CD}.Release|x64.ActiveCfg = Release|x64
		{D648B39F-2671-41B6-ACE6-0063F03C15CD}.Release|x64.Build.0 = Release|x64
		{D648B39F-2671-41B6-ACE6-0063F03C15CD}.Release|x86.ActiveCfg = Release|Win32
		{D648B39F-2671-41B6-ACE6-0063F03C15CD}.Release|x86.Build.0 = Release|Win32
		{963871AD-BBA2-412B-AFEC-1D7642491AC0}.Debug|x64.ActiveCfg = Debug|x64
		{963871AD-BBA2-412B-AFEC-1D7642491AC0}.Debug|x64.Build.0 = Debug|x64
		{963871AD-BBA2-412B-AFEC-1D7642491AC0}.Debug|x86.ActiveCfg = Debug|Win32
		{963871AD-BBA2-412B-AFEC-1D7642491AC0}.Debug|x86.Build.0 = Debug|Win32
		{963871AD-BBA2-412B-AFEC-1D7642491AC0}.Release|x64.ActiveCfg = Release|x64
		{963871AD-BBA2-412B-AFEC-1D7642491AC0}.Release|x64.Build.0 = Release|x64
		{963871AD-BBA2-412B-AFEC-1D7642491AC0}.Release|x86.ActiveCfg = Release|Win32
		{963871AD-BBA2-412B-AFEC-1D7642491AC0}.Release|x86.Build.0 = Release|Win32
		{60E43DDE-3D13-483C-B65A-AAFBA3FC3571}.Debug|x64.ActiveCfg = Debug|x64
		{60E43DDE-3D13-483C-B65A-AAFBA3FC3571}.Debug|x64.Build.0 = Debug|x64
		{60E43DDE-3D13-483C-B65A-AAFBA3FC3571}.Debug|x86.ActiveCfg = Debug|Win32
		{60E43DDE-3D13-483C-B65A-AAFBA3FC3571}.Debug|x86.Build.0 = Debug|Win32
		{60E43DDE-3D13-483C-B65A-AAFBA3FC3571}.Release|x64.ActiveCfg = Release|x64
		{60E43DDE-3D13-483C-B65A-AAFBA3FC3571}.Release|x64.Build.0 = Release|x64
		{60E43DDE-3D13-483C-B65A-AAFBA3FC3571}.Release|x86.ActiveCfg = Release|Win32
		{60E43DDE-3D13-483C-B65A-AAFBA3FC3571}.Release|x86.Build.0 = Release|Win32
		{07B26BF6-6233-48DC-B997-E0515341CA6F}.Debug|x64.ActiveCfg = Debug|x64
		{07B26BF6-6233-48DC-B997-E0515341CA6F}.Debug|x64.Build.0 = Debug|x64
		{07B26BF6-6233-48DC-B997-E0515341CA6F}.Debug|x86.ActiveCfg = Debug|Win32
		{07B26BF6-6233-48DC-B997-E0515341CA6F}.Debug|x86.Build.0 = Debug|Win32
		{07B26BF6-6233-48DC-B997-E0515341CA6F}.Release|x64.ActiveCfg = Release|x64
		{07B26BF6-6233-48DC-B997-E0515341CA6F}.Release|x64.Build.0 = Release|x64
		{07B26BF6-6233-48DC-B997-E0515341CA6F}.Release|x86.ActiveCfg = Release|Win32
		{07B26BF6-6233-48DC-B997-E0515341CA6F}.Release|x86.Build.0 = Release|Win32
		{989138FB-6DE9-474F-829B-D2642B66F327}.Debug|x64.ActiveCfg = Debug|x64
		{989138FB-6DE9-474F-829B-D2642B66F327}.Debug|x64.Build.0 = Debug|x64
		{989138FB-6DE9-474F-829B-D2642B66F327}.Debug|x86.ActiveCfg = Debug|Win32
		{989138FB-6DE9-474F-829B-D2642B66F327}.Debug|x86.Build.0 = Debug|Win32
		{989138FB-6DE9-474F-829B-D2642B66F327}.Release|x64.ActiveCfg = Release|x64
		{989138FB-6DE9-474F-829B-D2642B66F327}.Release|x64.Build.0 = Release|x64
		{989138FB-6DE9-474F-829B-D2642B66F327}.Release|x86.ActiveCfg = Release|Win32
		{989138FB-6DE9-474F-829B-D2642B66F327}.Release|x86.Build.0 = Release|Win32
		{8FB28384-FB6D-4359-91A3-FBC947F37A56}.Debug|x64.ActiveCfg = Debug|x64
		{8FB28384-FB6D-4359-91A3-FBC947F37A56}.Debug|x64.Build.0 = Debug|x64
		{8FB28384-FB6D-4359-91A3-FBC947F37A56}.Debug|x86.ActiveCfg = Debug|Win32
		{8FB28384-FB6D-4359-91A3-FBC947F37A56}.Debug|x86.Build.0 = Debug|Win32
		{8FB28384-FB6D-4359-91A3-FBC947F37A56}.Release|x64.ActiveCfg = Release|x64
		{8FB28384-FB6D-4359-91A3-FBC947F37A56}.Release|x64.Build.0 = Release|x64
		{8FB28384-FB6D-4359-91A3-FBC947F37A56}.Release|x86.ActiveCfg = Release|Win32
		{8FB28384-FB6D-4359-91A3-FBC947F37A56}.Release|x86.Build.0 = Release|Win32
		{31117A0C-6900-490C-AD5E-8D9CA6B1FEF1}.Debug|x64.ActiveCfg = Debug|x64
		{31117A0C-6900-490C-AD5E-8D9CA6B1FEF1}.Debug|x64.Build.0 = Debug|x64
		{31117A0C-6900-490C-AD5E-8D9CA6B1FEF1}.Debug|x86.ActiveCfg = Debug|Win32
		{31117A0C-6900-490C-AD5E-8D9CA6B1FEF1}.Debug|x86.Build.0 = Debug|Win32
		{31117A0C-6900-490C-AD5E-8D9CA6B1FEF1}.Release|x64.ActiveCfg = Release|x64
		{31117A0C-6900-490C-AD5E-8D9CA6B1FEF1}.Release|x64.Build.0 = Release|x64
		{31117A0C-6900-490C-AD5E-8D9CA6B1FEF1}.Release|x86.ActiveCfg = Release|Win32
		{31117A0C-6900-490C-AD5E-8D9CA6B1FEF1}.Release|x86.Build.0 = Release|Win32
		{CACB6305-5657-42C2-8156-72E9D64C96C4}.Debug|x64.ActiveCfg = Debug|x64
		{CACB6305-5657-42C2-8156-72E9D64C96C4}.Debug|x64.Build.0 = Debug|x64
		{CACB6305-5657-42C2-8156-72E9D64C96C4}.Debug|x86.ActiveCfg = Debug|Win32
		{CACB6305-5657-42C2-8156-72E9D64C96C4}.Debug|x86.Build.0 = Debug|Win32
		{CACB6305-5657-42C2-8156-72E9D64C96C4}.Release|x64.ActiveCfg = Release|x64
		{CACB6305-5657-42C2-8156-72E9D64C96C4}.Release|x64.Build.0 = Release|x64
		{CACB6305-5657-42C2-8156-72E9D64C96C4}.Release|x86.ActiveCfg = Release|Win32
		{CACB6305-5657-42C2-8156-72E9D64C96C4}.Release|x86.Build.0 = Release|Win32
	EndGlobalSection
	GlobalSection(SolutionProperties) = preSolution
		HideSolutionNode = FALSE
	EndGlobalSection
	GlobalSection(ExtensibilityGlobals) = postSolution
		SolutionGuid = {182093FD-D7D4-4811-9218-E7D88A18B1F2}
	EndGlobalSection
EndGlobal
